
Microsoft Visual Studio Solution File, Format Version 12.00
# Visual Studio Version 17
VisualStudioVersion = 17.4.33103.184
MinimumVisualStudioVersion = 10.0.40219.1
Project("{FAE04EC0-301F-11D3-BF4B-00C04F79EFBC}") = "CustomerApp", "CustomerApp\CustomerApp.csproj", "{1F786B57-42FF-4F72-9841-638BEE570466}"
EndProject
Global
	GlobalSection(SolutionConfigurationPlatforms) = preSolution
		Debug|Any CPU = Debug|Any CPU
		Release|Any CPU = Release|Any CPU
	EndGlobalSection
	GlobalSection(ProjectConfigurationPlatforms) = postSolution
		{1F786B57-42FF-4F72-9841-638BEE570466}.Debug|Any CPU.ActiveCfg = Debug|Any CPU
		{1F786B57-42FF-4F72-9841-638BEE570466}.Debug|Any CPU.Build.0 = Debug|Any CPU
		{1F786B57-42FF-4F72-9841-638BEE570466}.Release|Any CPU.ActiveCfg = Release|Any CPU
		{1F786B57-42FF-4F72-9841-638BEE570466}.Release|Any CPU.Build.0 = Release|Any CPU
	EndGlobalSection
	GlobalSection(SolutionProperties) = preSolution
		HideSolutionNode = FALSE
	EndGlobalSection
	GlobalSection(ExtensibilityGlobals) = postSolution
		SolutionGuid = {2B3D6336-AD22-4D6B-AF55-ECFFCF453FB8}
	EndGlobalSection
EndGlobal
